
Microsoft Visual Studio Solution File, Format Version 12.00
# Visual Studio Version 17
VisualStudioVersion = 17.9.34728.123
MinimumVisualStudioVersion = 10.0.40219.1
Project("{FAE04EC0-301F-11D3-BF4B-00C04F79EFBC}") = "Zoologico", "Zoologico\Zoologico\Zoologico.csproj", "{F09A52E7-D58A-4BC9-A918-E2A0C0481EDA}"
EndProject
Project("{FAE04EC0-301F-11D3-BF4B-00C04F79EFBC}") = "Zoologico.Client", "Zoologico\Zoologico.Client\Zoologico.Client.csproj", "{B99CA13B-37A1-4BD4-A2DE-A4FB850F4BF3}"
EndProject
Global
	GlobalSection(SolutionConfigurationPlatforms) = preSolution
		Debug|Any CPU = Debug|Any CPU
		Release|Any CPU = Release|Any CPU
	EndGlobalSection
	GlobalSection(ProjectConfigurationPlatforms) = postSolution
		{F09A52E7-D58A-4BC9-A918-E2A0C0481EDA}.Debug|Any CPU.ActiveCfg = Debug|Any CPU
		{F09A52E7-D58A-4BC9-A918-E2A0C0481EDA}.Debug|Any CPU.Build.0 = Debug|Any CPU
		{F09A52E7-D58A-4BC9-A918-E2A0C0481EDA}.Release|Any CPU.ActiveCfg = Release|Any CPU
		{F09A52E7-D58A-4BC9-A918-E2A0C0481EDA}.Release|Any CPU.Build.0 = Release|Any CPU
		{B99CA13B-37A1-4BD4-A2DE-A4FB850F4BF3}.Debug|Any CPU.ActiveCfg = Debug|Any CPU
		{B99CA13B-37A1-4BD4-A2DE-A4FB850F4BF3}.Debug|Any CPU.Build.0 = Debug|Any CPU
		{B99CA13B-37A1-4BD4-A2DE-A4FB850F4BF3}.Release|Any CPU.ActiveCfg = Release|Any CPU
		{B99CA13B-37A1-4BD4-A2DE-A4FB850F4BF3}.Release|Any CPU.Build.0 = Release|Any CPU
	EndGlobalSection
	GlobalSection(SolutionProperties) = preSolution
		HideSolutionNode = FALSE
	EndGlobalSection
	GlobalSection(ExtensibilityGlobals) = postSolution
		SolutionGuid = {A1357956-75C0-4330-B33A-496A994975B5}
	EndGlobalSection
EndGlobal
